
Microsoft Visual Studio Solution File, Format Version 12.00
# Visual Studio 15
Project("{FAE04EC0-301F-11D3-BF4B-00C04F79EFBC}") = "Unity.Timeline", "Unity.Timeline.csproj", "{E9C3E36E-91CC-3EB6-94C1-3ADF6006C4EC}"
EndProject
Project("{FAE04EC0-301F-11D3-BF4B-00C04F79EFBC}") = "Unity.Timeline.Editor", "Unity.Timeline.Editor.csproj", "{86F99532-48BD-A653-DB4E-32DD5C9A410E}"
EndProject
Project("{FAE04EC0-301F-11D3-BF4B-00C04F79EFBC}") = "Unity.2D.Tilemap.Editor", "Unity.2D.Tilemap.Editor.csproj", "{8671ECDA-F2F7-37F1-E398-9D429D5B4661}"
EndProject
Project("{FAE04EC0-301F-11D3-BF4B-00C04F79EFBC}") = "Unity.TextMeshPro.Editor", "Unity.TextMeshPro.Editor.csproj", "{588D9B21-0EA2-C8B8-BE25-A442A6EB1CC5}"
EndProject
Project("{FAE04EC0-301F-11D3-BF4B-00C04F79EFBC}") = "Unity.2D.Aseprite.Editor", "Unity.2D.Aseprite.Editor.csproj", "{D71615C9-D5FA-3A41-2402-C02469C4B7FC}"
EndProject
Project("{FAE04EC0-301F-11D3-BF4B-00C04F79EFBC}") = "Unity.VisualScripting.Flow", "Unity.VisualScripting.Flow.csproj", "{47C0D3C0-EC25-D095-76CE-6466F513BB76}"
EndProject
Project("{FAE04EC0-301F-11D3-BF4B-00C04F79EFBC}") = "UnityEditor.UI", "UnityEditor.UI.csproj", "{F01C9ADB-4650-715C-801C-889226855718}"
EndProject
Project("{FAE04EC0-301F-11D3-BF4B-00C04F79EFBC}") = "Unity.PlasticSCM.Editor", "Unity.PlasticSCM.Editor.csproj", "{59ED2405-4A3C-CAFE-5BBB-35CFDCBB6B0B}"
EndProject
Project("{FAE04EC0-301F-11D3-BF4B-00C04F79EFBC}") = "Unity.2D.Psdimporter.Editor", "Unity.2D.Psdimporter.Editor.csproj", "{DEFC2DB5-B299-EAC8-CA26-C0D0B7093BCA}"
EndProject
Project("{FAE04EC0-301F-11D3-BF4B-00C04F79EFBC}") = "Unity.VisualScripting.Core", "Unity.VisualScripting.Core.csproj", "{58C2F489-14E1-B2F9-FB38-5FE89CFDA339}"
EndProject
Project("{FAE04EC0-301F-11D3-BF4B-00C04F79EFBC}") = "Unity.Mathematics", "Unity.Mathematics.csproj", "{3D519B06-C179-CA64-2A35-E387E315816B}"
EndProject
Project("{FAE04EC0-301F-11D3-BF4B-00C04F79EFBC}") = "Unity.2D.Animation.Editor", "Unity.2D.Animation.Editor.csproj", "{A26F3F25-B2EF-0AC1-B58B-0BA5A97DEB7F}"
EndProject
Project("{FAE04EC0-301F-11D3-BF4B-00C04F79EFBC}") = "Unity.2D.Common.Path.Editor", "Unity.2D.Common.Path.Editor.csproj", "{EE4EE59B-AE26-2964-F697-5A171DE63CCD}"
EndProject
Project("{FAE04EC0-301F-11D3-BF4B-00C04F79EFBC}") = "Unity.VisualScripting.Core.Editor", "Unity.VisualScripting.Core.Editor.csproj", "{02A51125-0C19-7731-D9ED-30EEC1A45892}"
EndProject
Project("{FAE04EC0-301F-11D3-BF4B-00C04F79EFBC}") = "Unity.2D.IK.Runtime", "Unity.2D.IK.Runtime.csproj", "{6FB03F4E-ABDF-3C62-3FA0-B6E28316A068}"
EndProject
Project("{FAE04EC0-301F-11D3-BF4B-00C04F79EFBC}") = "Unity.VisualScripting.Flow.Editor", "Unity.VisualScripting.Flow.Editor.csproj", "{4C7E4C63-36C0-BF99-4835-DF93A769CED5}"
EndProject
Project("{FAE04EC0-301F-11D3-BF4B-00C04F79EFBC}") = "UnityEditor.TestRunner", "UnityEditor.TestRunner.csproj", "{5FED6D5F-2FB0-850C-9E1B-B6E339F71832}"
EndProject
Project("{FAE04EC0-301F-11D3-BF4B-00C04F79EFBC}") = "Unity.VisualScripting.SettingsProvider.Editor", "Unity.VisualScripting.SettingsProvider.Editor.csproj", "{408E5462-8616-CF7A-C0AA-DBB8D3BDEB6D}"
EndProject
Project("{FAE04EC0-301F-11D3-BF4B-00C04F79EFBC}") = "UnityEngine.TestRunner", "UnityEngine.TestRunner.csproj", "{A4438E9C-D769-FAAF-46B6-CFADFF24C01B}"
EndProject
Project("{FAE04EC0-301F-11D3-BF4B-00C04F79EFBC}") = "PsdPlugin", "PsdPlugin.csproj", "{4F44A399-0757-C2DE-A760-EBB69C8A1727}"
EndProject
Project("{FAE04EC0-301F-11D3-BF4B-00C04F79EFBC}") = "Unity.Burst", "Unity.Burst.csproj", "{7AE33BDB-E318-8890-9F0E-C87BC99ACBA7}"
EndProject
Project("{FAE04EC0-301F-11D3-BF4B-00C04F79EFBC}") = "UnityEngine.UI", "UnityEngine.UI.csproj", "{EEC79041-4C59-8841-4815-BCAA872E423B}"
EndProject
Project("{FAE04EC0-301F-11D3-BF4B-00C04F79EFBC}") = "Unity.2D.SpriteShape.Editor", "Unity.2D.SpriteShape.Editor.csproj", "{E9712303-CF0C-B49A-2EFD-702FD5241185}"
EndProject
Project("{FAE04EC0-301F-11D3-BF4B-00C04F79EFBC}") = "Unity.Collections", "Unity.Collections.csproj", "{1A064110-C1A2-C704-473D-149E5D7C89AF}"
EndProject
Project("{FAE04EC0-301F-11D3-BF4B-00C04F79EFBC}") = "Unity.VisualStudio.Editor", "Unity.VisualStudio.Editor.csproj", "{9481A07B-7DEB-AFD8-F90A-99728B0505C1}"
EndProject
Project("{FAE04EC0-301F-11D3-BF4B-00C04F79EFBC}") = "Unity.2D.Tilemap.Extras.Editor", "Unity.2D.Tilemap.Extras.Editor.csproj", "{2B06C0BB-880B-BC06-76FA-18F2C99DD149}"
EndProject
Project("{FAE04EC0-301F-11D3-BF4B-00C04F79EFBC}") = "Assembly-CSharp", "Assembly-CSharp.csproj", "{9FFBEB65-2314-A073-4198-2155E1AEE3EF}"
EndProject
Project("{FAE04EC0-301F-11D3-BF4B-00C04F79EFBC}") = "Unity.Rider.Editor", "Unity.Rider.Editor.csproj", "{35EEDEF0-A7B9-7847-A591-407C5E5120C0}"
EndProject
Project("{FAE04EC0-301F-11D3-BF4B-00C04F79EFBC}") = "Unity.InternalAPIEditorBridge.001", "Unity.InternalAPIEditorBridge.001.csproj", "{EA87BE7E-BAF9-405A-93E4-DDD4FA086DEB}"
EndProject
Project("{FAE04EC0-301F-11D3-BF4B-00C04F79EFBC}") = "Unity.2D.SpriteShape.Runtime", "Unity.2D.SpriteShape.Runtime.csproj", "{4E46A4F3-E8F8-5756-2F6A-AD79BE8280E4}"
EndProject
Project("{FAE04EC0-301F-11D3-BF4B-00C04F79EFBC}") = "Unity.VisualScripting.State.Editor", "Unity.VisualScripting.State.Editor.csproj", "{A899B3D0-8049-E2D4-B686-44A0EDD16B46}"
EndProject
Project("{FAE04EC0-301F-11D3-BF4B-00C04F79EFBC}") = "Unity.2D.Animation.Runtime", "Unity.2D.Animation.Runtime.csproj", "{9394A986-1895-FCEE-73B6-0F67E6532FBD}"
EndProject
Project("{FAE04EC0-301F-11D3-BF4B-00C04F79EFBC}") = "Unity.Burst.CodeGen", "Unity.Burst.CodeGen.csproj", "{94B9CAA7-348B-0E1C-457F-AC10350C48B9}"
EndProject
Project("{FAE04EC0-301F-11D3-BF4B-00C04F79EFBC}") = "Unity.2D.Tilemap.Extras", "Unity.2D.Tilemap.Extras.csproj", "{8D7C12C4-7BB4-E5B3-6B1E-B94B383B9061}"
EndProject
Project("{FAE04EC0-301F-11D3-BF4B-00C04F79EFBC}") = "Unity.VisualScripting.State", "Unity.VisualScripting.State.csproj", "{78C1BD5C-B47C-12D5-F35A-825C83958658}"
EndProject
Project("{FAE04EC0-301F-11D3-BF4B-00C04F79EFBC}") = "Unity.TextMeshPro", "Unity.TextMeshPro.csproj", "{19355914-2460-6B1D-18E9-5640A40ABAC4}"
EndProject
Project("{FAE04EC0-301F-11D3-BF4B-00C04F79EFBC}") = "Unity.2D.Aseprite.Common", "Unity.2D.Aseprite.Common.csproj", "{F5742784-0539-979F-83F7-93B2118A1507}"
EndProject
Project("{FAE04EC0-301F-11D3-BF4B-00C04F79EFBC}") = "Unity.2D.IK.Editor", "Unity.2D.IK.Editor.csproj", "{FDD82620-04E7-7F86-8450-37A89C8C173D}"
EndProject
Project("{FAE04EC0-301F-11D3-BF4B-00C04F79EFBC}") = "Unity.InternalAPIEngineBridge.001", "Unity.InternalAPIEngineBridge.001.csproj", "{0C0E92ED-2128-D3FE-C1CC-2167F9487BC6}"
EndProject
Project("{FAE04EC0-301F-11D3-BF4B-00C04F79EFBC}") = "Unity.Burst.Editor", "Unity.Burst.Editor.csproj", "{F56C25D8-31FD-AE38-4D69-3EC004EE0881}"
EndProject
Project("{FAE04EC0-301F-11D3-BF4B-00C04F79EFBC}") = "Unity.2D.Common.Editor", "Unity.2D.Common.Editor.csproj", "{EE3D50AD-64B9-79F6-7580-B744403D9968}"
EndProject
Project("{FAE04EC0-301F-11D3-BF4B-00C04F79EFBC}") = "Unity.2D.Sprite.Editor", "Unity.2D.Sprite.Editor.csproj", "{FDDD0EF7-8E31-5AE6-DB56-C80DFFAF2CEB}"
EndProject
Project("{FAE04EC0-301F-11D3-BF4B-00C04F79EFBC}") = "Unity.2D.PixelPerfect", "Unity.2D.PixelPerfect.csproj", "{42C48536-F749-999F-0DA4-C9E7D859E506}"
EndProject
Project("{FAE04EC0-301F-11D3-BF4B-00C04F79EFBC}") = "Unity.2D.PixelPerfect.Editor", "Unity.2D.PixelPerfect.Editor.csproj", "{8C415E99-3C54-5C31-3795-A766DA0CC777}"
EndProject
Project("{FAE04EC0-301F-11D3-BF4B-00C04F79EFBC}") = "Unity.2D.Common.Runtime", "Unity.2D.Common.Runtime.csproj", "{8F333048-85B6-1754-8DFE-60017C4AECE0}"
EndProject
Project("{FAE04EC0-301F-11D3-BF4B-00C04F79EFBC}") = "Unity.Mathematics.Editor", "Unity.Mathematics.Editor.csproj", "{23475F63-4141-6E81-AFE3-63328C5760F1}"
EndProject
Project("{FAE04EC0-301F-11D3-BF4B-00C04F79EFBC}") = "Unity.Collections.BurstCompatibilityGen", "Unity.Collections.BurstCompatibilityGen.csproj", "{C14C6483-66DC-3C07-77FB-909B7A12C69E}"
EndProject
Project("{FAE04EC0-301F-11D3-BF4B-00C04F79EFBC}") = "Unity.InternalAPIEditorBridge.005", "Unity.InternalAPIEditorBridge.005.csproj", "{56500FC5-A588-C127-7E46-188DAA09F7E7}"
EndProject
Project("{FAE04EC0-301F-11D3-BF4B-00C04F79EFBC}") = "Unity.VisualScripting.Shared.Editor", "Unity.VisualScripting.Shared.Editor.csproj", "{78078C27-DF15-E835-806D-DE64E2AEF6CC}"
EndProject
Project("{FAE04EC0-301F-11D3-BF4B-00C04F79EFBC}") = "Unity.Collections.DocCodeSamples", "Unity.Collections.DocCodeSamples.csproj", "{D8159955-5124-E665-6A0D-0706B719E251}"
EndProject
Project("{FAE04EC0-301F-11D3-BF4B-00C04F79EFBC}") = "Unity.CollabProxy.Editor", "Unity.CollabProxy.Editor.csproj", "{7DC0DFA2-F9D8-1282-783D-77B7F7E99063}"
EndProject
Project("{FAE04EC0-301F-11D3-BF4B-00C04F79EFBC}") = "Unity.Timeline", "Unity.Timeline.Player.csproj", "{7423E794-42E4-DF99-8235-A5F35B76F166}"
EndProject
Project("{FAE04EC0-301F-11D3-BF4B-00C04F79EFBC}") = "Unity.VisualScripting.Flow", "Unity.VisualScripting.Flow.Player.csproj", "{2BA6EE34-59A2-0C2F-95A2-955558D4D7F3}"
EndProject
Project("{FAE04EC0-301F-11D3-BF4B-00C04F79EFBC}") = "Unity.VisualScripting.Core", "Unity.VisualScripting.Core.Player.csproj", "{FC730757-577A-4D84-0E7F-0266292519BE}"
EndProject
Project("{FAE04EC0-301F-11D3-BF4B-00C04F79EFBC}") = "Unity.Mathematics", "Unity.Mathematics.Player.csproj", "{F8FE76B1-952A-04E4-CCF3-0F87C27EC604}"
EndProject
Project("{FAE04EC0-301F-11D3-BF4B-00C04F79EFBC}") = "Unity.2D.IK.Runtime", "Unity.2D.IK.Runtime.Player.csproj", "{E962CDF3-B1F2-76A0-374A-040E25176720}"
EndProject
Project("{FAE04EC0-301F-11D3-BF4B-00C04F79EFBC}") = "UnityEngine.TestRunner", "UnityEngine.TestRunner.Player.csproj", "{EAD052BB-3CFE-98E0-89C1-B0E9F4994599}"
EndProject
Project("{FAE04EC0-301F-11D3-BF4B-00C04F79EFBC}") = "Unity.Burst", "Unity.Burst.Player.csproj", "{DA6F24D6-DF41-87FD-D7C2-E69B732744F8}"
EndProject
Project("{FAE04EC0-301F-11D3-BF4B-00C04F79EFBC}") = "UnityEngine.UI", "UnityEngine.UI.Player.csproj", "{1F73AFA3-F45D-AE04-9D33-FC24CA802897}"
EndProject
Project("{FAE04EC0-301F-11D3-BF4B-00C04F79EFBC}") = "Unity.Collections", "Unity.Collections.Player.csproj", "{EC8312D4-1D36-2578-E0D1-C871260E72C4}"
EndProject
Project("{FAE04EC0-301F-11D3-BF4B-00C04F79EFBC}") = "Assembly-CSharp", "Assembly-CSharp.Player.csproj", "{4AE3D19A-E905-F2CF-3412-AD80C50FDBBF}"
EndProject
Project("{FAE04EC0-301F-11D3-BF4B-00C04F79EFBC}") = "Unity.2D.SpriteShape.Runtime", "Unity.2D.SpriteShape.Runtime.Player.csproj", "{B34A8D28-39BC-CE33-5C33-526E070F71AB}"
EndProject
Project("{FAE04EC0-301F-11D3-BF4B-00C04F79EFBC}") = "Unity.2D.Animation.Runtime", "Unity.2D.Animation.Runtime.Player.csproj", "{033042CC-0CF4-9911-F893-AAC19E94E18E}"
EndProject
Project("{FAE04EC0-301F-11D3-BF4B-00C04F79EFBC}") = "Unity.2D.Tilemap.Extras", "Unity.2D.Tilemap.Extras.Player.csproj", "{F9AA732A-42BE-866B-FC7B-91D61D6E72C9}"
EndProject
Project("{FAE04EC0-301F-11D3-BF4B-00C04F79EFBC}") = "Unity.VisualScripting.State", "Unity.VisualScripting.State.Player.csproj", "{B29E1CB4-2F1A-CEEA-4980-FA7CD0CF423E}"
EndProject
Project("{FAE04EC0-301F-11D3-BF4B-00C04F79EFBC}") = "Unity.TextMeshPro", "Unity.TextMeshPro.Player.csproj", "{1A0A5085-2E3A-2667-05DD-F7267DBE17AC}"
EndProject
Project("{FAE04EC0-301F-11D3-BF4B-00C04F79EFBC}") = "Unity.InternalAPIEngineBridge.001", "Unity.InternalAPIEngineBridge.001.Player.csproj", "{6B8FF1B8-CEE0-14DC-585C-EAC1F9CA9A35}"
EndProject
Project("{FAE04EC0-301F-11D3-BF4B-00C04F79EFBC}") = "Unity.2D.PixelPerfect", "Unity.2D.PixelPerfect.Player.csproj", "{D5302E18-6815-707B-D6D4-E1056FD4734A}"
EndProject
Project("{FAE04EC0-301F-11D3-BF4B-00C04F79EFBC}") = "Unity.2D.Common.Runtime", "Unity.2D.Common.Runtime.Player.csproj", "{13681715-5099-06A5-E4D1-1F26367B3E37}"
EndProject
Global
	GlobalSection(SolutionConfigurationPlatforms) = preSolution
		Debug|Any CPU = Debug|Any CPU
		Release|Any CPU = Release|Any CPU
	EndGlobalSection
	GlobalSection(ProjectConfigurationPlatforms) = postSolution
		{E9C3E36E-91CC-3EB6-94C1-3ADF6006C4EC}.Debug|Any CPU.ActiveCfg = Debug|Any CPU
		{E9C3E36E-91CC-3EB6-94C1-3ADF6006C4EC}.Debug|Any CPU.Build.0 = Debug|Any CPU
		{E9C3E36E-91CC-3EB6-94C1-3ADF6006C4EC}.Release|Any CPU.ActiveCfg = Release|Any CPU
		{E9C3E36E-91CC-3EB6-94C1-3ADF6006C4EC}.Release|Any CPU.Build.0 = Release|Any CPU
		{86F99532-48BD-A653-DB4E-32DD5C9A410E}.Debug|Any CPU.ActiveCfg = Debug|Any CPU
		{86F99532-48BD-A653-DB4E-32DD5C9A410E}.Debug|Any CPU.Build.0 = Debug|Any CPU
		{86F99532-48BD-A653-DB4E-32DD5C9A410E}.Release|Any CPU.ActiveCfg = Release|Any CPU
		{86F99532-48BD-A653-DB4E-32DD5C9A410E}.Release|Any CPU.Build.0 = Release|Any CPU
		{8671ECDA-F2F7-37F1-E398-9D429D5B4661}.Debug|Any CPU.ActiveCfg = Debug|Any CPU
		{8671ECDA-F2F7-37F1-E398-9D429D5B4661}.Debug|Any CPU.Build.0 = Debug|Any CPU
		{8671ECDA-F2F7-37F1-E398-9D429D5B4661}.Release|Any CPU.ActiveCfg = Release|Any CPU
		{8671ECDA-F2F7-37F1-E398-9D429D5B4661}.Release|Any CPU.Build.0 = Release|Any CPU
		{588D9B21-0EA2-C8B8-BE25-A442A6EB1CC5}.Debug|Any CPU.ActiveCfg = Debug|Any CPU
		{588D9B21-0EA2-C8B8-BE25-A442A6EB1CC5}.Debug|Any CPU.Build.0 = Debug|Any CPU
		{588D9B21-0EA2-C8B8-BE25-A442A6EB1CC5}.Release|Any CPU.ActiveCfg = Release|Any CPU
		{588D9B21-0EA2-C8B8-BE25-A442A6EB1CC5}.Release|Any CPU.Build.0 = Release|Any CPU
		{D71615C9-D5FA-3A41-2402-C02469C4B7FC}.Debug|Any CPU.ActiveCfg = Debug|Any CPU
		{D71615C9-D5FA-3A41-2402-C02469C4B7FC}.Debug|Any CPU.Build.0 = Debug|Any CPU
		{D71615C9-D5FA-3A41-2402-C02469C4B7FC}.Release|Any CPU.ActiveCfg = Release|Any CPU
		{D71615C9-D5FA-3A41-2402-C02469C4B7FC}.Release|Any CPU.Build.0 = Release|Any CPU
		{47C0D3C0-EC25-D095-76CE-6466F513BB76}.Debug|Any CPU.ActiveCfg = Debug|Any CPU
		{47C0D3C0-EC25-D095-76CE-6466F513BB76}.Debug|Any CPU.Build.0 = Debug|Any CPU
		{47C0D3C0-EC25-D095-76CE-6466F513BB76}.Release|Any CPU.ActiveCfg = Release|Any CPU
		{47C0D3C0-EC25-D095-76CE-6466F513BB76}.Release|Any CPU.Build.0 = Release|Any CPU
		{F01C9ADB-4650-715C-801C-889226855718}.Debug|Any CPU.ActiveCfg = Debug|Any CPU
		{F01C9ADB-4650-715C-801C-889226855718}.Debug|Any CPU.Build.0 = Debug|Any CPU
		{F01C9ADB-4650-715C-801C-889226855718}.Release|Any CPU.ActiveCfg = Release|Any CPU
		{F01C9ADB-4650-715C-801C-889226855718}.Release|Any CPU.Build.0 = Release|Any CPU
		{59ED2405-4A3C-CAFE-5BBB-35CFDCBB6B0B}.Debug|Any CPU.ActiveCfg = Debug|Any CPU
		{59ED2405-4A3C-CAFE-5BBB-35CFDCBB6B0B}.Debug|Any CPU.Build.0 = Debug|Any CPU
		{59ED2405-4A3C-CAFE-5BBB-35CFDCBB6B0B}.Release|Any CPU.ActiveCfg = Release|Any CPU
		{59ED2405-4A3C-CAFE-5BBB-35CFDCBB6B0B}.Release|Any CPU.Build.0 = Release|Any CPU
		{DEFC2DB5-B299-EAC8-CA26-C0D0B7093BCA}.Debug|Any CPU.ActiveCfg = Debug|Any CPU
		{DEFC2DB5-B299-EAC8-CA26-C0D0B7093BCA}.Debug|Any CPU.Build.0 = Debug|Any CPU
		{DEFC2DB5-B299-EAC8-CA26-C0D0B7093BCA}.Release|Any CPU.ActiveCfg = Release|Any CPU
		{DEFC2DB5-B299-EAC8-CA26-C0D0B7093BCA}.Release|Any CPU.Build.0 = Release|Any CPU
		{58C2F489-14E1-B2F9-FB38-5FE89CFDA339}.Debug|Any CPU.ActiveCfg = Debug|Any CPU
		{58C2F489-14E1-B2F9-FB38-5FE89CFDA339}.Debug|Any CPU.Build.0 = Debug|Any CPU
		{58C2F489-14E1-B2F9-FB38-5FE89CFDA339}.Release|Any CPU.ActiveCfg = Release|Any CPU
		{58C2F489-14E1-B2F9-FB38-5FE89CFDA339}.Release|Any CPU.Build.0 = Release|Any CPU
		{3D519B06-C179-CA64-2A35-E387E315816B}.Debug|Any CPU.ActiveCfg = Debug|Any CPU
		{3D519B06-C179-CA64-2A35-E387E315816B}.Debug|Any CPU.Build.0 = Debug|Any CPU
		{3D519B06-C179-CA64-2A35-E387E315816B}.Release|Any CPU.ActiveCfg = Release|Any CPU
		{3D519B06-C179-CA64-2A35-E387E315816B}.Release|Any CPU.Build.0 = Release|Any CPU
		{A26F3F25-B2EF-0AC1-B58B-0BA5A97DEB7F}.Debug|Any CPU.ActiveCfg = Debug|Any CPU
		{A26F3F25-B2EF-0AC1-B58B-0BA5A97DEB7F}.Debug|Any CPU.Build.0 = Debug|Any CPU
		{A26F3F25-B2EF-0AC1-B58B-0BA5A97DEB7F}.Release|Any CPU.ActiveCfg = Release|Any CPU
		{A26F3F25-B2EF-0AC1-B58B-0BA5A97DEB7F}.Release|Any CPU.Build.0 = Release|Any CPU
		{EE4EE59B-AE26-2964-F697-5A171DE63CCD}.Debug|Any CPU.ActiveCfg = Debug|Any CPU
		{EE4EE59B-AE26-2964-F697-5A171DE63CCD}.Debug|Any CPU.Build.0 = Debug|Any CPU
		{EE4EE59B-AE26-2964-F697-5A171DE63CCD}.Release|Any CPU.ActiveCfg = Release|Any CPU
		{EE4EE59B-AE26-2964-F697-5A171DE63CCD}.Release|Any CPU.Build.0 = Release|Any CPU
		{02A51125-0C19-7731-D9ED-30EEC1A45892}.Debug|Any CPU.ActiveCfg = Debug|Any CPU
		{02A51125-0C19-7731-D9ED-30EEC1A45892}.Debug|Any CPU.Build.0 = Debug|Any CPU
		{02A51125-0C19-7731-D9ED-30EEC1A45892}.Release|Any CPU.ActiveCfg = Release|Any CPU
		{02A51125-0C19-7731-D9ED-30EEC1A45892}.Release|Any CPU.Build.0 = Release|Any CPU
		{6FB03F4E-ABDF-3C62-3FA0-B6E28316A068}.Debug|Any CPU.ActiveCfg = Debug|Any CPU
		{6FB03F4E-ABDF-3C62-3FA0-B6E28316A068}.Debug|Any CPU.Build.0 = Debug|Any CPU
		{6FB03F4E-ABDF-3C62-3FA0-B6E28316A068}.Release|Any CPU.ActiveCfg = Release|Any CPU
		{6FB03F4E-ABDF-3C62-3FA0-B6E28316A068}.Release|Any CPU.Build.0 = Release|Any CPU
		{4C7E4C63-36C0-BF99-4835-DF93A769CED5}.Debug|Any CPU.ActiveCfg = Debug|Any CPU
		{4C7E4C63-36C0-BF99-4835-DF93A769CED5}.Debug|Any CPU.Build.0 = Debug|Any CPU
		{4C7E4C63-36C0-BF99-4835-DF93A769CED5}.Release|Any CPU.ActiveCfg = Release|Any CPU
		{4C7E4C63-36C0-BF99-4835-DF93A769CED5}.Release|Any CPU.Build.0 = Release|Any CPU
		{5FED6D5F-2FB0-850C-9E1B-B6E339F71832}.Debug|Any CPU.ActiveCfg = Debug|Any CPU
		{5FED6D5F-2FB0-850C-9E1B-B6E339F71832}.Debug|Any CPU.Build.0 = Debug|Any CPU
		{5FED6D5F-2FB0-850C-9E1B-B6E339F71832}.Release|Any CPU.ActiveCfg = Release|Any CPU
		{5FED6D5F-2FB0-850C-9E1B-B6E339F71832}.Release|Any CPU.Build.0 = Release|Any CPU
		{408E5462-8616-CF7A-C0AA-DBB8D3BDEB6D}.Debug|Any CPU.ActiveCfg = Debug|Any CPU
		{408E5462-8616-CF7A-C0AA-DBB8D3BDEB6D}.Debug|Any CPU.Build.0 = Debug|Any CPU
		{408E5462-8616-CF7A-C0AA-DBB8D3BDEB6D}.Release|Any CPU.ActiveCfg = Release|Any CPU
		{408E5462-8616-CF7A-C0AA-DBB8D3BDEB6D}.Release|Any CPU.Build.0 = Release|Any CPU
		{A4438E9C-D769-FAAF-46B6-CFADFF24C01B}.Debug|Any CPU.ActiveCfg = Debug|Any CPU
		{A4438E9C-D769-FAAF-46B6-CFADFF24C01B}.Debug|Any CPU.Build.0 = Debug|Any CPU
		{A4438E9C-D769-FAAF-46B6-CFADFF24C01B}.Release|Any CPU.ActiveCfg = Release|Any CPU
		{A4438E9C-D769-FAAF-46B6-CFADFF24C01B}.Release|Any CPU.Build.0 = Release|Any CPU
		{4F44A399-0757-C2DE-A760-EBB69C8A1727}.Debug|Any CPU.ActiveCfg = Debug|Any CPU
		{4F44A399-0757-C2DE-A760-EBB69C8A1727}.Debug|Any CPU.Build.0 = Debug|Any CPU
		{4F44A399-0757-C2DE-A760-EBB69C8A1727}.Release|Any CPU.ActiveCfg = Release|Any CPU
		{4F44A399-0757-C2DE-A760-EBB69C8A1727}.Release|Any CPU.Build.0 = Release|Any CPU
		{7AE33BDB-E318-8890-9F0E-C87BC99ACBA7}.Debug|Any CPU.ActiveCfg = Debug|Any CPU
		{7AE33BDB-E318-8890-9F0E-C87BC99ACBA7}.Debug|Any CPU.Build.0 = Debug|Any CPU
		{7AE33BDB-E318-8890-9F0E-C87BC99ACBA7}.Release|Any CPU.ActiveCfg = Release|Any CPU
		{7AE33BDB-E318-8890-9F0E-C87BC99ACBA7}.Release|Any CPU.Build.0 = Release|Any CPU
		{EEC79041-4C59-8841-4815-BCAA872E423B}.Debug|Any CPU.ActiveCfg = Debug|Any CPU
		{EEC79041-4C59-8841-4815-BCAA872E423B}.Debug|Any CPU.Build.0 = Debug|Any CPU
		{EEC79041-4C59-8841-4815-BCAA872E423B}.Release|Any CPU.ActiveCfg = Release|Any CPU
		{EEC79041-4C59-8841-4815-BCAA872E423B}.Release|Any CPU.Build.0 = Release|Any CPU
		{E9712303-CF0C-B49A-2EFD-702FD5241185}.Debug|Any CPU.ActiveCfg = Debug|Any CPU
		{E9712303-CF0C-B49A-2EFD-702FD5241185}.Debug|Any CPU.Build.0 = Debug|Any CPU
		{E9712303-CF0C-B49A-2EFD-702FD5241185}.Release|Any CPU.ActiveCfg = Release|Any CPU
		{E9712303-CF0C-B49A-2EFD-702FD5241185}.Release|Any CPU.Build.0 = Release|Any CPU
		{1A064110-C1A2-C704-473D-149E5D7C89AF}.Debug|Any CPU.ActiveCfg = Debug|Any CPU
		{1A064110-C1A2-C704-473D-149E5D7C89AF}.Debug|Any CPU.Build.0 = Debug|Any CPU
		{1A064110-C1A2-C704-473D-149E5D7C89AF}.Release|Any CPU.ActiveCfg = Release|Any CPU
		{1A064110-C1A2-C704-473D-149E5D7C89AF}.Release|Any CPU.Build.0 = Release|Any CPU
		{9481A07B-7DEB-AFD8-F90A-99728B0505C1}.Debug|Any CPU.ActiveCfg = Debug|Any CPU
		{9481A07B-7DEB-AFD8-F90A-99728B0505C1}.Debug|Any CPU.Build.0 = Debug|Any CPU
		{9481A07B-7DEB-AFD8-F90A-99728B0505C1}.Release|Any CPU.ActiveCfg = Release|Any CPU
		{9481A07B-7DEB-AFD8-F90A-99728B0505C1}.Release|Any CPU.Build.0 = Release|Any CPU
		{2B06C0BB-880B-BC06-76FA-18F2C99DD149}.Debug|Any CPU.ActiveCfg = Debug|Any CPU
		{2B06C0BB-880B-BC06-76FA-18F2C99DD149}.Debug|Any CPU.Build.0 = Debug|Any CPU
		{2B06C0BB-880B-BC06-76FA-18F2C99DD149}.Release|Any CPU.ActiveCfg = Release|Any CPU
		{2B06C0BB-880B-BC06-76FA-18F2C99DD149}.Release|Any CPU.Build.0 = Release|Any CPU
		{9FFBEB65-2314-A073-4198-2155E1AEE3EF}.Debug|Any CPU.ActiveCfg = Debug|Any CPU
		{9FFBEB65-2314-A073-4198-2155E1AEE3EF}.Debug|Any CPU.Build.0 = Debug|Any CPU
		{9FFBEB65-2314-A073-4198-2155E1AEE3EF}.Release|Any CPU.ActiveCfg = Release|Any CPU
		{9FFBEB65-2314-A073-4198-2155E1AEE3EF}.Release|Any CPU.Build.0 = Release|Any CPU
		{35EEDEF0-A7B9-7847-A591-407C5E5120C0}.Debug|Any CPU.ActiveCfg = Debug|Any CPU
		{35EEDEF0-A7B9-7847-A591-407C5E5120C0}.Debug|Any CPU.Build.0 = Debug|Any CPU
		{35EEDEF0-A7B9-7847-A591-407C5E5120C0}.Release|Any CPU.ActiveCfg = Release|Any CPU
		{35EEDEF0-A7B9-7847-A591-407C5E5120C0}.Release|Any CPU.Build.0 = Release|Any CPU
		{EA87BE7E-BAF9-405A-93E4-DDD4FA086DEB}.Debug|Any CPU.ActiveCfg = Debug|Any CPU
		{EA87BE7E-BAF9-405A-93E4-DDD4FA086DEB}.Debug|Any CPU.Build.0 = Debug|Any CPU
		{EA87BE7E-BAF9-405A-93E4-DDD4FA086DEB}.Release|Any CPU.ActiveCfg = Release|Any CPU
		{EA87BE7E-BAF9-405A-93E4-DDD4FA086DEB}.Release|Any CPU.Build.0 = Release|Any CPU
		{4E46A4F3-E8F8-5756-2F6A-AD79BE8280E4}.Debug|Any CPU.ActiveCfg = Debug|Any CPU
		{4E46A4F3-E8F8-5756-2F6A-AD79BE8280E4}.Debug|Any CPU.Build.0 = Debug|Any CPU
		{4E46A4F3-E8F8-5756-2F6A-AD79BE8280E4}.Release|Any CPU.ActiveCfg = Release|Any CPU
		{4E46A4F3-E8F8-5756-2F6A-AD79BE8280E4}.Release|Any CPU.Build.0 = Release|Any CPU
		{A899B3D0-8049-E2D4-B686-44A0EDD16B46}.Debug|Any CPU.ActiveCfg = Debug|Any CPU
		{A899B3D0-8049-E2D4-B686-44A0EDD16B46}.Debug|Any CPU.Build.0 = Debug|Any CPU
		{A899B3D0-8049-E2D4-B686-44A0EDD16B46}.Release|Any CPU.ActiveCfg = Release|Any CPU
		{A899B3D0-8049-E2D4-B686-44A0EDD16B46}.Release|Any CPU.Build.0 = Release|Any CPU
		{9394A986-1895-FCEE-73B6-0F67E6532FBD}.Debug|Any CPU.ActiveCfg = Debug|Any CPU
		{9394A986-1895-FCEE-73B6-0F67E6532FBD}.Debug|Any CPU.Build.0 = Debug|Any CPU
		{9394A986-1895-FCEE-73B6-0F67E6532FBD}.Release|Any CPU.ActiveCfg = Release|Any CPU
		{9394A986-1895-FCEE-73B6-0F67E6532FBD}.Release|Any CPU.Build.0 = Release|Any CPU
		{94B9CAA7-348B-0E1C-457F-AC10350C48B9}.Debug|Any CPU.ActiveCfg = Debug|Any CPU
		{94B9CAA7-348B-0E1C-457F-AC10350C48B9}.Debug|Any CPU.Build.0 = Debug|Any CPU
		{94B9CAA7-348B-0E1C-457F-AC10350C48B9}.Release|Any CPU.ActiveCfg = Release|Any CPU
		{94B9CAA7-348B-0E1C-457F-AC10350C48B9}.Release|Any CPU.Build.0 = Release|Any CPU
		{8D7C12C4-7BB4-E5B3-6B1E-B94B383B9061}.Debug|Any CPU.ActiveCfg = Debug|Any CPU
		{8D7C12C4-7BB4-E5B3-6B1E-B94B383B9061}.Debug|Any CPU.Build.0 = Debug|Any CPU
		{8D7C12C4-7BB4-E5B3-6B1E-B94B383B9061}.Release|Any CPU.ActiveCfg = Release|Any CPU
		{8D7C12C4-7BB4-E5B3-6B1E-B94B383B9061}.Release|Any CPU.Build.0 = Release|Any CPU
		{78C1BD5C-B47C-12D5-F35A-825C83958658}.Debug|Any CPU.ActiveCfg = Debug|Any CPU
		{78C1BD5C-B47C-12D5-F35A-825C83958658}.Debug|Any CPU.Build.0 = Debug|Any CPU
		{78C1BD5C-B47C-12D5-F35A-825C83958658}.Release|Any CPU.ActiveCfg = Release|Any CPU
		{78C1BD5C-B47C-12D5-F35A-825C83958658}.Release|Any CPU.Build.0 = Release|Any CPU
		{19355914-2460-6B1D-18E9-5640A40ABAC4}.Debug|Any CPU.ActiveCfg = Debug|Any CPU
		{19355914-2460-6B1D-18E9-5640A40ABAC4}.Debug|Any CPU.Build.0 = Debug|Any CPU
		{19355914-2460-6B1D-18E9-5640A40ABAC4}.Release|Any CPU.ActiveCfg = Release|Any CPU
		{19355914-2460-6B1D-18E9-5640A40ABAC4}.Release|Any CPU.Build.0 = Release|Any CPU
		{F5742784-0539-979F-83F7-93B2118A1507}.Debug|Any CPU.ActiveCfg = Debug|Any CPU
		{F5742784-0539-979F-83F7-93B2118A1507}.Debug|Any CPU.Build.0 = Debug|Any CPU
		{F5742784-0539-979F-83F7-93B2118A1507}.Release|Any CPU.ActiveCfg = Release|Any CPU
		{F5742784-0539-979F-83F7-93B2118A1507}.Release|Any CPU.Build.0 = Release|Any CPU
		{FDD82620-04E7-7F86-8450-37A89C8C173D}.Debug|Any CPU.ActiveCfg = Debug|Any CPU
		{FDD82620-04E7-7F86-8450-37A89C8C173D}.Debug|Any CPU.Build.0 = Debug|Any CPU
		{FDD82620-04E7-7F86-8450-37A89C8C173D}.Release|Any CPU.ActiveCfg = Release|Any CPU
		{FDD82620-04E7-7F86-8450-37A89C8C173D}.Release|Any CPU.Build.0 = Release|Any CPU
		{0C0E92ED-2128-D3FE-C1CC-2167F9487BC6}.Debug|Any CPU.ActiveCfg = Debug|Any CPU
		{0C0E92ED-2128-D3FE-C1CC-2167F9487BC6}.Debug|Any CPU.Build.0 = Debug|Any CPU
		{0C0E92ED-2128-D3FE-C1CC-2167F9487BC6}.Release|Any CPU.ActiveCfg = Release|Any CPU
		{0C0E92ED-2128-D3FE-C1CC-2167F9487BC6}.Release|Any CPU.Build.0 = Release|Any CPU
		{F56C25D8-31FD-AE38-4D69-3EC004EE0881}.Debug|Any CPU.ActiveCfg = Debug|Any CPU
		{F56C25D8-31FD-AE38-4D69-3EC004EE0881}.Debug|Any CPU.Build.0 = Debug|Any CPU
		{F56C25D8-31FD-AE38-4D69-3EC004EE0881}.Release|Any CPU.ActiveCfg = Release|Any CPU
		{F56C25D8-31FD-AE38-4D69-3EC004EE0881}.Release|Any CPU.Build.0 = Release|Any CPU
		{EE3D50AD-64B9-79F6-7580-B744403D9968}.Debug|Any CPU.ActiveCfg = Debug|Any CPU
		{EE3D50AD-64B9-79F6-7580-B744403D9968}.Debug|Any CPU.Build.0 = Debug|Any CPU
		{EE3D50AD-64B9-79F6-7580-B744403D9968}.Release|Any CPU.ActiveCfg = Release|Any CPU
		{EE3D50AD-64B9-79F6-7580-B744403D9968}.Release|Any CPU.Build.0 = Release|Any CPU
		{FDDD0EF7-8E31-5AE6-DB56-C80DFFAF2CEB}.Debug|Any CPU.ActiveCfg = Debug|Any CPU
		{FDDD0EF7-8E31-5AE6-DB56-C80DFFAF2CEB}.Debug|Any CPU.Build.0 = Debug|Any CPU
		{FDDD0EF7-8E31-5AE6-DB56-C80DFFAF2CEB}.Release|Any CPU.ActiveCfg = Release|Any CPU
		{FDDD0EF7-8E31-5AE6-DB56-C80DFFAF2CEB}.Release|Any CPU.Build.0 = Release|Any CPU
		{42C48536-F749-999F-0DA4-C9E7D859E506}.Debug|Any CPU.ActiveCfg = Debug|Any CPU
		{42C48536-F749-999F-0DA4-C9E7D859E506}.Debug|Any CPU.Build.0 = Debug|Any CPU
		{42C48536-F749-999F-0DA4-C9E7D859E506}.Release|Any CPU.ActiveCfg = Release|Any CPU
		{42C48536-F749-999F-0DA4-C9E7D859E506}.Release|Any CPU.Build.0 = Release|Any CPU
		{8C415E99-3C54-5C31-3795-A766DA0CC777}.Debug|Any CPU.ActiveCfg = Debug|Any CPU
		{8C415E99-3C54-5C31-3795-A766DA0CC777}.Debug|Any CPU.Build.0 = Debug|Any CPU
		{8C415E99-3C54-5C31-3795-A766DA0CC777}.Release|Any CPU.ActiveCfg = Release|Any CPU
		{8C415E99-3C54-5C31-3795-A766DA0CC777}.Release|Any CPU.Build.0 = Release|Any CPU
		{8F333048-85B6-1754-8DFE-60017C4AECE0}.Debug|Any CPU.ActiveCfg = Debug|Any CPU
		{8F333048-85B6-1754-8DFE-60017C4AECE0}.Debug|Any CPU.Build.0 = Debug|Any CPU
		{8F333048-85B6-1754-8DFE-60017C4AECE0}.Release|Any CPU.ActiveCfg = Release|Any CPU
		{8F333048-85B6-1754-8DFE-60017C4AECE0}.Release|Any CPU.Build.0 = Release|Any CPU
		{23475F63-4141-6E81-AFE3-63328C5760F1}.Debug|Any CPU.ActiveCfg = Debug|Any CPU
		{23475F63-4141-6E81-AFE3-63328C5760F1}.Debug|Any CPU.Build.0 = Debug|Any CPU
		{23475F63-4141-6E81-AFE3-63328C5760F1}.Release|Any CPU.ActiveCfg = Release|Any CPU
		{23475F63-4141-6E81-AFE3-63328C5760F1}.Release|Any CPU.Build.0 = Release|Any CPU
		{C14C6483-66DC-3C07-77FB-909B7A12C69E}.Debug|Any CPU.ActiveCfg = Debug|Any CPU
		{C14C6483-66DC-3C07-77FB-909B7A12C69E}.Debug|Any CPU.Build.0 = Debug|Any CPU
		{C14C6483-66DC-3C07-77FB-909B7A12C69E}.Release|Any CPU.ActiveCfg = Release|Any CPU
		{C14C6483-66DC-3C07-77FB-909B7A12C69E}.Release|Any CPU.Build.0 = Release|Any CPU
		{56500FC5-A588-C127-7E46-188DAA09F7E7}.Debug|Any CPU.ActiveCfg = Debug|Any CPU
		{56500FC5-A588-C127-7E46-188DAA09F7E7}.Debug|Any CPU.Build.0 = Debug|Any CPU
		{56500FC5-A588-C127-7E46-188DAA09F7E7}.Release|Any CPU.ActiveCfg = Release|Any CPU
		{56500FC5-A588-C127-7E46-188DAA09F7E7}.Release|Any CPU.Build.0 = Release|Any CPU
		{78078C27-DF15-E835-806D-DE64E2AEF6CC}.Debug|Any CPU.ActiveCfg = Debug|Any CPU
		{78078C27-DF15-E835-806D-DE64E2AEF6CC}.Debug|Any CPU.Build.0 = Debug|Any CPU
		{78078C27-DF15-E835-806D-DE64E2AEF6CC}.Release|Any CPU.ActiveCfg = Release|Any CPU
		{78078C27-DF15-E835-806D-DE64E2AEF6CC}.Release|Any CPU.Build.0 = Release|Any CPU
		{D8159955-5124-E665-6A0D-0706B719E251}.Debug|Any CPU.ActiveCfg = Debug|Any CPU
		{D8159955-5124-E665-6A0D-0706B719E251}.Debug|Any CPU.Build.0 = Debug|Any CPU
		{D8159955-5124-E665-6A0D-0706B719E251}.Release|Any CPU.ActiveCfg = Release|Any CPU
		{D8159955-5124-E665-6A0D-0706B719E251}.Release|Any CPU.Build.0 = Release|Any CPU
		{7DC0DFA2-F9D8-1282-783D-77B7F7E99063}.Debug|Any CPU.ActiveCfg = Debug|Any CPU
		{7DC0DFA2-F9D8-1282-783D-77B7F7E99063}.Debug|Any CPU.Build.0 = Debug|Any CPU
		{7DC0DFA2-F9D8-1282-783D-77B7F7E99063}.Release|Any CPU.ActiveCfg = Release|Any CPU
		{7DC0DFA2-F9D8-1282-783D-77B7F7E99063}.Release|Any CPU.Build.0 = Release|Any CPU
		{7423E794-42E4-DF99-8235-A5F35B76F166}.Debug|Any CPU.ActiveCfg = Debug|Any CPU
		{7423E794-42E4-DF99-8235-A5F35B76F166}.Debug|Any CPU.Build.0 = Debug|Any CPU
		{7423E794-42E4-DF99-8235-A5F35B76F166}.Release|Any CPU.ActiveCfg = Release|Any CPU
		{7423E794-42E4-DF99-8235-A5F35B76F166}.Release|Any CPU.Build.0 = Release|Any CPU
		{2BA6EE34-59A2-0C2F-95A2-955558D4D7F3}.Debug|Any CPU.ActiveCfg = Debug|Any CPU
		{2BA6EE34-59A2-0C2F-95A2-955558D4D7F3}.Debug|Any CPU.Build.0 = Debug|Any CPU
		{2BA6EE34-59A2-0C2F-95A2-955558D4D7F3}.Release|Any CPU.ActiveCfg = Release|Any CPU
		{2BA6EE34-59A2-0C2F-95A2-955558D4D7F3}.Release|Any CPU.Build.0 = Release|Any CPU
		{FC730757-577A-4D84-0E7F-0266292519BE}.Debug|Any CPU.ActiveCfg = Debug|Any CPU
		{FC730757-577A-4D84-0E7F-0266292519BE}.Debug|Any CPU.Build.0 = Debug|Any CPU
		{FC730757-577A-4D84-0E7F-0266292519BE}.Release|Any CPU.ActiveCfg = Release|Any CPU
		{FC730757-577A-4D84-0E7F-0266292519BE}.Release|Any CPU.Build.0 = Release|Any CPU
		{F8FE76B1-952A-04E4-CCF3-0F87C27EC604}.Debug|Any CPU.ActiveCfg = Debug|Any CPU
		{F8FE76B1-952A-04E4-CCF3-0F87C27EC604}.Debug|Any CPU.Build.0 = Debug|Any CPU
		{F8FE76B1-952A-04E4-CCF3-0F87C27EC604}.Release|Any CPU.ActiveCfg = Release|Any CPU
		{F8FE76B1-952A-04E4-CCF3-0F87C27EC604}.Release|Any CPU.Build.0 = Release|Any CPU
		{E962CDF3-B1F2-76A0-374A-040E25176720}.Debug|Any CPU.ActiveCfg = Debug|Any CPU
		{E962CDF3-B1F2-76A0-374A-040E25176720}.Debug|Any CPU.Build.0 = Debug|Any CPU
		{E962CDF3-B1F2-76A0-374A-040E25176720}.Release|Any CPU.ActiveCfg = Release|Any CPU
		{E962CDF3-B1F2-76A0-374A-040E25176720}.Release|Any CPU.Build.0 = Release|Any CPU
		{EAD052BB-3CFE-98E0-89C1-B0E9F4994599}.Debug|Any CPU.ActiveCfg = Debug|Any CPU
		{EAD052BB-3CFE-98E0-89C1-B0E9F4994599}.Debug|Any CPU.Build.0 = Debug|Any CPU
		{EAD052BB-3CFE-98E0-89C1-B0E9F4994599}.Release|Any CPU.ActiveCfg = Release|Any CPU
		{EAD052BB-3CFE-98E0-89C1-B0E9F4994599}.Release|Any CPU.Build.0 = Release|Any CPU
		{DA6F24D6-DF41-87FD-D7C2-E69B732744F8}.Debug|Any CPU.ActiveCfg = Debug|Any CPU
		{DA6F24D6-DF41-87FD-D7C2-E69B732744F8}.Debug|Any CPU.Build.0 = Debug|Any CPU
		{DA6F24D6-DF41-87FD-D7C2-E69B732744F8}.Release|Any CPU.ActiveCfg = Release|Any CPU
		{DA6F24D6-DF41-87FD-D7C2-E69B732744F8}.Release|Any CPU.Build.0 = Release|Any CPU
		{1F73AFA3-F45D-AE04-9D33-FC24CA802897}.Debug|Any CPU.ActiveCfg = Debug|Any CPU
		{1F73AFA3-F45D-AE04-9D33-FC24CA802897}.Debug|Any CPU.Build.0 = Debug|Any CPU
		{1F73AFA3-F45D-AE04-9D33-FC24CA802897}.Release|Any CPU.ActiveCfg = Release|Any CPU
		{1F73AFA3-F45D-AE04-9D33-FC24CA802897}.Release|Any CPU.Build.0 = Release|Any CPU
		{EC8312D4-1D36-2578-E0D1-C871260E72C4}.Debug|Any CPU.ActiveCfg = Debug|Any CPU
		{EC8312D4-1D36-2578-E0D1-C871260E72C4}.Debug|Any CPU.Build.0 = Debug|Any CPU
		{EC8312D4-1D36-2578-E0D1-C871260E72C4}.Release|Any CPU.ActiveCfg = Release|Any CPU
		{EC8312D4-1D36-2578-E0D1-C871260E72C4}.Release|Any CPU.Build.0 = Release|Any CPU
		{4AE3D19A-E905-F2CF-3412-AD80C50FDBBF}.Debug|Any CPU.ActiveCfg = Debug|Any CPU
		{4AE3D19A-E905-F2CF-3412-AD80C50FDBBF}.Debug|Any CPU.Build.0 = Debug|Any CPU
		{4AE3D19A-E905-F2CF-3412-AD80C50FDBBF}.Release|Any CPU.ActiveCfg = Release|Any CPU
		{4AE3D19A-E905-F2CF-3412-AD80C50FDBBF}.Release|Any CPU.Build.0 = Release|Any CPU
		{B34A8D28-39BC-CE33-5C33-526E070F71AB}.Debug|Any CPU.ActiveCfg = Debug|Any CPU
		{B34A8D28-39BC-CE33-5C33-526E070F71AB}.Debug|Any CPU.Build.0 = Debug|Any CPU
		{B34A8D28-39BC-CE33-5C33-526E070F71AB}.Release|Any CPU.ActiveCfg = Release|Any CPU
		{B34A8D28-39BC-CE33-5C33-526E070F71AB}.Release|Any CPU.Build.0 = Release|Any CPU
		{033042CC-0CF4-9911-F893-AAC19E94E18E}.Debug|Any CPU.ActiveCfg = Debug|Any CPU
		{033042CC-0CF4-9911-F893-AAC19E94E18E}.Debug|Any CPU.Build.0 = Debug|Any CPU
		{033042CC-0CF4-9911-F893-AAC19E94E18E}.Release|Any CPU.ActiveCfg = Release|Any CPU
		{033042CC-0CF4-9911-F893-AAC19E94E18E}.Release|Any CPU.Build.0 = Release|Any CPU
		{F9AA732A-42BE-866B-FC7B-91D61D6E72C9}.Debug|Any CPU.ActiveCfg = Debug|Any CPU
		{F9AA732A-42BE-866B-FC7B-91D61D6E72C9}.Debug|Any CPU.Build.0 = Debug|Any CPU
		{F9AA732A-42BE-866B-FC7B-91D61D6E72C9}.Release|Any CPU.ActiveCfg = Release|Any CPU
		{F9AA732A-42BE-866B-FC7B-91D61D6E72C9}.Release|Any CPU.Build.0 = Release|Any CPU
		{B29E1CB4-2F1A-CEEA-4980-FA7CD0CF423E}.Debug|Any CPU.ActiveCfg = Debug|Any CPU
		{B29E1CB4-2F1A-CEEA-4980-FA7CD0CF423E}.Debug|Any CPU.Build.0 = Debug|Any CPU
		{B29E1CB4-2F1A-CEEA-4980-FA7CD0CF423E}.Release|Any CPU.ActiveCfg = Release|Any CPU
		{B29E1CB4-2F1A-CEEA-4980-FA7CD0CF423E}.Release|Any CPU.Build.0 = Release|Any CPU
		{1A0A5085-2E3A-2667-05DD-F7267DBE17AC}.Debug|Any CPU.ActiveCfg = Debug|Any CPU
		{1A0A5085-2E3A-2667-05DD-F7267DBE17AC}.Debug|Any CPU.Build.0 = Debug|Any CPU
		{1A0A5085-2E3A-2667-05DD-F7267DBE17AC}.Release|Any CPU.ActiveCfg = Release|Any CPU
		{1A0A5085-2E3A-2667-05DD-F7267DBE17AC}.Release|Any CPU.Build.0 = Release|Any CPU
		{6B8FF1B8-CEE0-14DC-585C-EAC1F9CA9A35}.Debug|Any CPU.ActiveCfg = Debug|Any CPU
		{6B8FF1B8-CEE0-14DC-585C-EAC1F9CA9A35}.Debug|Any CPU.Build.0 = Debug|Any CPU
		{6B8FF1B8-CEE0-14DC-585C-EAC1F9CA9A35}.Release|Any CPU.ActiveCfg = Release|Any CPU
		{6B8FF1B8-CEE0-14DC-585C-EAC1F9CA9A35}.Release|Any CPU.Build.0 = Release|Any CPU
		{D5302E18-6815-707B-D6D4-E1056FD4734A}.Debug|Any CPU.ActiveCfg = Debug|Any CPU
		{D5302E18-6815-707B-D6D4-E1056FD4734A}.Debug|Any CPU.Build.0 = Debug|Any CPU
		{D5302E18-6815-707B-D6D4-E1056FD4734A}.Release|Any CPU.ActiveCfg = Release|Any CPU
		{D5302E18-6815-707B-D6D4-E1056FD4734A}.Release|Any CPU.Build.0 = Release|Any CPU
		{13681715-5099-06A5-E4D1-1F26367B3E37}.Debug|Any CPU.ActiveCfg = Debug|Any CPU
		{13681715-5099-06A5-E4D1-1F26367B3E37}.Debug|Any CPU.Build.0 = Debug|Any CPU
		{13681715-5099-06A5-E4D1-1F26367B3E37}.Release|Any CPU.ActiveCfg = Release|Any CPU
		{13681715-5099-06A5-E4D1-1F26367B3E37}.Release|Any CPU.Build.0 = Release|Any CPU
	EndGlobalSection
	GlobalSection(SolutionProperties) = preSolution
		HideSolutionNode = FALSE
	EndGlobalSection
EndGlobal
